// !$*UTF8*$!
{
	archiveVersion = 1;
	classes = {
	};
	objectVersion = 55;
	objects = {

/* Begin PBXBuildFile section */
		0282393E2892C2C000B0BE63 /* AppDelegate.swift in Sources */ = {isa = PBXBuildFile; fileRef = 0282393D2892C2C000B0BE63 /* AppDelegate.swift */; };
		028239402892C2C000B0BE63 /* SceneDelegate.swift in Sources */ = {isa = PBXBuildFile; fileRef = 0282393F2892C2C000B0BE63 /* SceneDelegate.swift */; };
		028239422892C2C000B0BE63 /* ViewController.swift in Sources */ = {isa = PBXBuildFile; fileRef = 028239412892C2C000B0BE63 /* ViewController.swift */; };
		028239452892C2C000B0BE63 /* Main.storyboard in Resources */ = {isa = PBXBuildFile; fileRef = 028239432892C2C000B0BE63 /* Main.storyboard */; };
		028239482892C2C000B0BE63 /* Livingston_CoreData_2.xcdatamodeld in Sources */ = {isa = PBXBuildFile; fileRef = 028239462892C2C000B0BE63 /* Livingston_CoreData_2.xcdatamodeld */; };
		0282394A2892C2C100B0BE63 /* Assets.xcassets in Resources */ = {isa = PBXBuildFile; fileRef = 028239492892C2C100B0BE63 /* Assets.xcassets */; };
		0282394D2892C2C100B0BE63 /* LaunchScreen.storyboard in Resources */ = {isa = PBXBuildFile; fileRef = 0282394B2892C2C100B0BE63 /* LaunchScreen.storyboard */; };
		0282395A2892C32800B0BE63 /* Albums.swift in Sources */ = {isa = PBXBuildFile; fileRef = 028239592892C32800B0BE63 /* Albums.swift */; };
		0282395C2892C33B00B0BE63 /* AlbumViewModel.swift in Sources */ = {isa = PBXBuildFile; fileRef = 0282395B2892C33B00B0BE63 /* AlbumViewModel.swift */; };
		028239602892C3D300B0BE63 /* MainTabBarController.swift in Sources */ = {isa = PBXBuildFile; fileRef = 0282395F2892C3D300B0BE63 /* MainTabBarController.swift */; };
		028239622892C40600B0BE63 /* AlbumTableViewCell.swift in Sources */ = {isa = PBXBuildFile; fileRef = 028239612892C40600B0BE63 /* AlbumTableViewCell.swift */; };
		028239642892C42F00B0BE63 /* DetailScreenController.swift in Sources */ = {isa = PBXBuildFile; fileRef = 028239632892C42F00B0BE63 /* DetailScreenController.swift */; };
		028239662892C45E00B0BE63 /* DetailTableViewCell.swift in Sources */ = {isa = PBXBuildFile; fileRef = 028239652892C45E00B0BE63 /* DetailTableViewCell.swift */; };
		028239682892C48300B0BE63 /* UIViewExtension.swift in Sources */ = {isa = PBXBuildFile; fileRef = 028239672892C48300B0BE63 /* UIViewExtension.swift */; };
		0282396A2892C49E00B0BE63 /* UIViewStackExtension.swift in Sources */ = {isa = PBXBuildFile; fileRef = 028239692892C49E00B0BE63 /* UIViewStackExtension.swift */; };
		0282396C2892C4AF00B0BE63 /* UIButtonExtension.swift in Sources */ = {isa = PBXBuildFile; fileRef = 0282396B2892C4AF00B0BE63 /* UIButtonExtension.swift */; };
		0282396E2892C4C300B0BE63 /* CoreDataManager.swift in Sources */ = {isa = PBXBuildFile; fileRef = 0282396D2892C4C300B0BE63 /* CoreDataManager.swift */; };
		028239712892C51A00B0BE63 /* NetworkManager.swift in Sources */ = {isa = PBXBuildFile; fileRef = 028239702892C51A00B0BE63 /* NetworkManager.swift */; };
		028239732892C52C00B0BE63 /* NetworkError.swift in Sources */ = {isa = PBXBuildFile; fileRef = 028239722892C52C00B0BE63 /* NetworkError.swift */; };
		028239752892C53A00B0BE63 /* NetworkParam.swift in Sources */ = {isa = PBXBuildFile; fileRef = 028239742892C53A00B0BE63 /* NetworkParam.swift */; };
		028239772892C54F00B0BE63 /* UserDefaults.swift in Sources */ = {isa = PBXBuildFile; fileRef = 028239762892C54F00B0BE63 /* UserDefaults.swift */; };
		028239792892C56C00B0BE63 /* ImageCache.swift in Sources */ = {isa = PBXBuildFile; fileRef = 028239782892C56C00B0BE63 /* ImageCache.swift */; };
/* End PBXBuildFile section */

/* Begin PBXFileReference section */
		0282393A2892C2BF00B0BE63 /* Livingston_CoreData_2.app */ = {isa = PBXFileReference; explicitFileType = wrapper.application; includeInIndex = 0; path = Livingston_CoreData_2.app; sourceTree = BUILT_PRODUCTS_DIR; };
		0282393D2892C2C000B0BE63 /* AppDelegate.swift */ = {isa = PBXFileReference; lastKnownFileType = sourcecode.swift; path = AppDelegate.swift; sourceTree = "<group>"; };
		0282393F2892C2C000B0BE63 /* SceneDelegate.swift */ = {isa = PBXFileReference; lastKnownFileType = sourcecode.swift; path = SceneDelegate.swift; sourceTree = "<group>"; };
		028239412892C2C000B0BE63 /* ViewController.swift */ = {isa = PBXFileReference; lastKnownFileType = sourcecode.swift; path = ViewController.swift; sourceTree = "<group>"; };
		028239442892C2C000B0BE63 /* Base */ = {isa = PBXFileReference; lastKnownFileType = file.storyboard; name = Base; path = Base.lproj/Main.storyboard; sourceTree = "<group>"; };
		028239472892C2C000B0BE63 /* Livingston_CoreData_2.xcdatamodel */ = {isa = PBXFileReference; lastKnownFileType = wrapper.xcdatamodel; path = Livingston_CoreData_2.xcdatamodel; sourceTree = "<group>"; };
		028239492892C2C100B0BE63 /* Assets.xcassets */ = {isa = PBXFileReference; lastKnownFileType = folder.assetcatalog; path = Assets.xcassets; sourceTree = "<group>"; };
		0282394C2892C2C100B0BE63 /* Base */ = {isa = PBXFileReference; lastKnownFileType = file.storyboard; name = Base; path = Base.lproj/LaunchScreen.storyboard; sourceTree = "<group>"; };
		0282394E2892C2C100B0BE63 /* Info.plist */ = {isa = PBXFileReference; lastKnownFileType = text.plist.xml; path = Info.plist; sourceTree = "<group>"; };
		028239592892C32800B0BE63 /* Albums.swift */ = {isa = PBXFileReference; lastKnownFileType = sourcecode.swift; path = Albums.swift; sourceTree = "<group>"; };
		0282395B2892C33B00B0BE63 /* AlbumViewModel.swift */ = {isa = PBXFileReference; lastKnownFileType = sourcecode.swift; path = AlbumViewModel.swift; sourceTree = "<group>"; };
		0282395F2892C3D300B0BE63 /* MainTabBarController.swift */ = {isa = PBXFileReference; lastKnownFileType = sourcecode.swift; path = MainTabBarController.swift; sourceTree = "<group>"; };
		028239612892C40600B0BE63 /* AlbumTableViewCell.swift */ = {isa = PBXFileReference; lastKnownFileType = sourcecode.swift; path = AlbumTableViewCell.swift; sourceTree = "<group>"; };
		028239632892C42F00B0BE63 /* DetailScreenController.swift */ = {isa = PBXFileReference; lastKnownFileType = sourcecode.swift; path = DetailScreenController.swift; sourceTree = "<group>"; };
		028239652892C45E00B0BE63 /* DetailTableViewCell.swift */ = {isa = PBXFileReference; lastKnownFileType = sourcecode.swift; path = DetailTableViewCell.swift; sourceTree = "<group>"; };
		028239672892C48300B0BE63 /* UIViewExtension.swift */ = {isa = PBXFileReference; lastKnownFileType = sourcecode.swift; path = UIViewExtension.swift; sourceTree = "<group>"; };
		028239692892C49E00B0BE63 /* UIViewStackExtension.swift */ = {isa = PBXFileReference; lastKnownFileType = sourcecode.swift; path = UIViewStackExtension.swift; sourceTree = "<group>"; };
		0282396B2892C4AF00B0BE63 /* UIButtonExtension.swift */ = {isa = PBXFileReference; lastKnownFileType = sourcecode.swift; path = UIButtonExtension.swift; sourceTree = "<group>"; };
		0282396D2892C4C300B0BE63 /* CoreDataManager.swift */ = {isa = PBXFileReference; lastKnownFileType = sourcecode.swift; path = CoreDataManager.swift; sourceTree = "<group>"; };
		028239702892C51A00B0BE63 /* NetworkManager.swift */ = {isa = PBXFileReference; lastKnownFileType = sourcecode.swift; path = NetworkManager.swift; sourceTree = "<group>"; };
		028239722892C52C00B0BE63 /* NetworkError.swift */ = {isa = PBXFileReference; lastKnownFileType = sourcecode.swift; path = NetworkError.swift; sourceTree = "<group>"; };
		028239742892C53A00B0BE63 /* NetworkParam.swift */ = {isa = PBXFileReference; lastKnownFileType = sourcecode.swift; path = NetworkParam.swift; sourceTree = "<group>"; };
		028239762892C54F00B0BE63 /* UserDefaults.swift */ = {isa = PBXFileReference; lastKnownFileType = sourcecode.swift; path = UserDefaults.swift; sourceTree = "<group>"; };
		028239782892C56C00B0BE63 /* ImageCache.swift */ = {isa = PBXFileReference; lastKnownFileType = sourcecode.swift; path = ImageCache.swift; sourceTree = "<group>"; };
/* End PBXFileReference section */

/* Begin PBXFrameworksBuildPhase section */
		028239372892C2BF00B0BE63 /* Frameworks */ = {
			isa = PBXFrameworksBuildPhase;
			buildActionMask = 2147483647;
			files = (
			);
			runOnlyForDeploymentPostprocessing = 0;
		};
/* End PBXFrameworksBuildPhase section */

/* Begin PBXGroup section */
		028239312892C2BF00B0BE63 = {
			isa = PBXGroup;
			children = (
				0282396F2892C50300B0BE63 /* Service */,
				028239582892C30A00B0BE63 /* Resource */,
				028239572892C30300B0BE63 /* Model */,
				028239562892C2FC00B0BE63 /* Controller */,
				028239552892C2F300B0BE63 /* Extension */,
				028239542892C2E900B0BE63 /* CoreData */,
				0282393C2892C2BF00B0BE63 /* Livingston_CoreData_2 */,
				0282393B2892C2BF00B0BE63 /* Products */,
			);
			sourceTree = "<group>";
		};
		0282393B2892C2BF00B0BE63 /* Products */ = {
			isa = PBXGroup;
			children = (
				0282393A2892C2BF00B0BE63 /* Livingston_CoreData_2.app */,
			);
			name = Products;
			sourceTree = "<group>";
		};
		0282393C2892C2BF00B0BE63 /* Livingston_CoreData_2 */ = {
			isa = PBXGroup;
			children = (
				028239412892C2C000B0BE63 /* ViewController.swift */,
				028239432892C2C000B0BE63 /* Main.storyboard */,
				028239492892C2C100B0BE63 /* Assets.xcassets */,
				0282394B2892C2C100B0BE63 /* LaunchScreen.storyboard */,
				0282394E2892C2C100B0BE63 /* Info.plist */,
				028239462892C2C000B0BE63 /* Livingston_CoreData_2.xcdatamodeld */,
			);
			path = Livingston_CoreData_2;
			sourceTree = "<group>";
		};
		028239542892C2E900B0BE63 /* CoreData */ = {
			isa = PBXGroup;
			children = (
				0282396D2892C4C300B0BE63 /* CoreDataManager.swift */,
			);
			path = CoreData;
			sourceTree = "<group>";
		};
		028239552892C2F300B0BE63 /* Extension */ = {
			isa = PBXGroup;
			children = (
				028239672892C48300B0BE63 /* UIViewExtension.swift */,
				028239692892C49E00B0BE63 /* UIViewStackExtension.swift */,
				0282396B2892C4AF00B0BE63 /* UIButtonExtension.swift */,
			);
			path = Extension;
			sourceTree = "<group>";
		};
		028239562892C2FC00B0BE63 /* Controller */ = {
			isa = PBXGroup;
			children = (
				0282395F2892C3D300B0BE63 /* MainTabBarController.swift */,
				028239612892C40600B0BE63 /* AlbumTableViewCell.swift */,
				028239632892C42F00B0BE63 /* DetailScreenController.swift */,
				028239652892C45E00B0BE63 /* DetailTableViewCell.swift */,
			);
			path = Controller;
			sourceTree = "<group>";
		};
		028239572892C30300B0BE63 /* Model */ = {
			isa = PBXGroup;
			children = (
				028239592892C32800B0BE63 /* Albums.swift */,
				0282395B2892C33B00B0BE63 /* AlbumViewModel.swift */,
			);
			path = Model;
			sourceTree = "<group>";
		};
		028239582892C30A00B0BE63 /* Resource */ = {
			isa = PBXGroup;
			children = (
				0282393D2892C2C000B0BE63 /* AppDelegate.swift */,
				0282393F2892C2C000B0BE63 /* SceneDelegate.swift */,
			);
			path = Resource;
			sourceTree = "<group>";
		};
		0282396F2892C50300B0BE63 /* Service */ = {
			isa = PBXGroup;
			children = (
				028239702892C51A00B0BE63 /* NetworkManager.swift */,
				028239722892C52C00B0BE63 /* NetworkError.swift */,
				028239742892C53A00B0BE63 /* NetworkParam.swift */,
				028239762892C54F00B0BE63 /* UserDefaults.swift */,
				028239782892C56C00B0BE63 /* ImageCache.swift */,
			);
			path = Service;
			sourceTree = "<group>";
		};
/* End PBXGroup section */

/* Begin PBXNativeTarget section */
		028239392892C2BF00B0BE63 /* Livingston_CoreData_2 */ = {
			isa = PBXNativeTarget;
			buildConfigurationList = 028239512892C2C100B0BE63 /* Build configuration list for PBXNativeTarget "Livingston_CoreData_2" */;
			buildPhases = (
				028239362892C2BF00B0BE63 /* Sources */,
				028239372892C2BF00B0BE63 /* Frameworks */,
				028239382892C2BF00B0BE63 /* Resources */,
			);
			buildRules = (
			);
			dependencies = (
			);
			name = Livingston_CoreData_2;
			productName = Livingston_CoreData_2;
			productReference = 0282393A2892C2BF00B0BE63 /* Livingston_CoreData_2.app */;
			productType = "com.apple.product-type.application";
		};
/* End PBXNativeTarget section */

/* Begin PBXProject section */
		028239322892C2BF00B0BE63 /* Project object */ = {
			isa = PBXProject;
			attributes = {
				BuildIndependentTargetsInParallel = 1;
				LastSwiftUpdateCheck = 1340;
				LastUpgradeCheck = 1340;
				TargetAttributes = {
					028239392892C2BF00B0BE63 = {
						CreatedOnToolsVersion = 13.4.1;
					};
				};
			};
			buildConfigurationList = 028239352892C2BF00B0BE63 /* Build configuration list for PBXProject "Livingston_CoreData_2" */;
			compatibilityVersion = "Xcode 13.0";
			developmentRegion = en;
			hasScannedForEncodings = 0;
			knownRegions = (
				en,
				Base,
			);
			mainGroup = 028239312892C2BF00B0BE63;
			productRefGroup = 0282393B2892C2BF00B0BE63 /* Products */;
			projectDirPath = "";
			projectRoot = "";
			targets = (
				028239392892C2BF00B0BE63 /* Livingston_CoreData_2 */,
			);
		};
/* End PBXProject section */

/* Begin PBXResourcesBuildPhase section */
		028239382892C2BF00B0BE63 /* Resources */ = {
			isa = PBXResourcesBuildPhase;
			buildActionMask = 2147483647;
			files = (
				0282394D2892C2C100B0BE63 /* LaunchScreen.storyboard in Resources */,
				0282394A2892C2C100B0BE63 /* Assets.xcassets in Resources */,
				028239452892C2C000B0BE63 /* Main.storyboard in Resources */,
			);
			runOnlyForDeploymentPostprocessing = 0;
		};
/* End PBXResourcesBuildPhase section */

/* Begin PBXSourcesBuildPhase section */
		028239362892C2BF00B0BE63 /* Sources */ = {
			isa = PBXSourcesBuildPhase;
			buildActionMask = 2147483647;
			files = (
				0282395C2892C33B00B0BE63 /* AlbumViewModel.swift in Sources */,
				028239732892C52C00B0BE63 /* NetworkError.swift in Sources */,
				0282395A2892C32800B0BE63 /* Albums.swift in Sources */,
				028239682892C48300B0BE63 /* UIViewExtension.swift in Sources */,
				028239422892C2C000B0BE63 /* ViewController.swift in Sources */,
				028239602892C3D300B0BE63 /* MainTabBarController.swift in Sources */,
				0282396A2892C49E00B0BE63 /* UIViewStackExtension.swift in Sources */,
				028239642892C42F00B0BE63 /* DetailScreenController.swift in Sources */,
				028239752892C53A00B0BE63 /* NetworkParam.swift in Sources */,
				028239792892C56C00B0BE63 /* ImageCache.swift in Sources */,
				0282393E2892C2C000B0BE63 /* AppDelegate.swift in Sources */,
				0282396C2892C4AF00B0BE63 /* UIButtonExtension.swift in Sources */,
				028239482892C2C000B0BE63 /* Livingston_CoreData_2.xcdatamodeld in Sources */,
				028239402892C2C000B0BE63 /* SceneDelegate.swift in Sources */,
				028239662892C45E00B0BE63 /* DetailTableViewCell.swift in Sources */,
				028239772892C54F00B0BE63 /* UserDefaults.swift in Sources */,
				028239712892C51A00B0BE63 /* NetworkManager.swift in Sources */,
				0282396E2892C4C300B0BE63 /* CoreDataManager.swift in Sources */,
				028239622892C40600B0BE63 /* AlbumTableViewCell.swift in Sources */,
			);
			runOnlyForDeploymentPostprocessing = 0;
		};
/* End PBXSourcesBuildPhase section */

/* Begin PBXVariantGroup section */
		028239432892C2C000B0BE63 /* Main.storyboard */ = {
			isa = PBXVariantGroup;
			children = (
				028239442892C2C000B0BE63 /* Base */,
			);
			name = Main.storyboard;
			sourceTree = "<group>";
		};
		0282394B2892C2C100B0BE63 /* LaunchScreen.storyboard */ = {
			isa = PBXVariantGroup;
			children = (
				0282394C2892C2C100B0BE63 /* Base */,
			);
			name = LaunchScreen.storyboard;
			sourceTree = "<group>";
		};
/* End PBXVariantGroup section */

/* Begin XCBuildConfiguration section */
		0282394F2892C2C100B0BE63 /* Debug */ = {
			isa = XCBuildConfiguration;
			buildSettings = {
				ALWAYS_SEARCH_USER_PATHS = NO;
				CLANG_ANALYZER_NONNULL = YES;
				CLANG_ANALYZER_NUMBER_OBJECT_CONVERSION = YES_AGGRESSIVE;
				CLANG_CXX_LANGUAGE_STANDARD = "gnu++17";
				CLANG_ENABLE_MODULES = YES;
				CLANG_ENABLE_OBJC_ARC = YES;
				CLANG_ENABLE_OBJC_WEAK = YES;
				CLANG_WARN_BLOCK_CAPTURE_AUTORELEASING = YES;
				CLANG_WARN_BOOL_CONVERSION = YES;
				CLANG_WARN_COMMA = YES;
				CLANG_WARN_CONSTANT_CONVERSION = YES;
				CLANG_WARN_DEPRECATED_OBJC_IMPLEMENTATIONS = YES;
				CLANG_WARN_DIRECT_OBJC_ISA_USAGE = YES_ERROR;
				CLANG_WARN_DOCUMENTATION_COMMENTS = YES;
				CLANG_WARN_EMPTY_BODY = YES;
				CLANG_WARN_ENUM_CONVERSION = YES;
				CLANG_WARN_INFINITE_RECURSION = YES;
				CLANG_WARN_INT_CONVERSION = YES;
				CLANG_WARN_NON_LITERAL_NULL_CONVERSION = YES;
				CLANG_WARN_OBJC_IMPLICIT_RETAIN_SELF = YES;
				CLANG_WARN_OBJC_LITERAL_CONVERSION = YES;
				CLANG_WARN_OBJC_ROOT_CLASS = YES_ERROR;
				CLANG_WARN_QUOTED_INCLUDE_IN_FRAMEWORK_HEADER = YES;
				CLANG_WARN_RANGE_LOOP_ANALYSIS = YES;
				CLANG_WARN_STRICT_PROTOTYPES = YES;
				CLANG_WARN_SUSPICIOUS_MOVE = YES;
				CLANG_WARN_UNGUARDED_AVAILABILITY = YES_AGGRESSIVE;
				CLANG_WARN_UNREACHABLE_CODE = YES;
				CLANG_WARN__DUPLICATE_METHOD_MATCH = YES;
				COPY_PHASE_STRIP = NO;
				DEBUG_INFORMATION_FORMAT = dwarf;
				ENABLE_STRICT_OBJC_MSGSEND = YES;
				ENABLE_TESTABILITY = YES;
				GCC_C_LANGUAGE_STANDARD = gnu11;
				GCC_DYNAMIC_NO_PIC = NO;
				GCC_NO_COMMON_BLOCKS = YES;
				GCC_OPTIMIZATION_LEVEL = 0;
				GCC_PREPROCESSOR_DEFINITIONS = (
					"DEBUG=1",
					"$(inherited)",
				);
				GCC_WARN_64_TO_32_BIT_CONVERSION = YES;
				GCC_WARN_ABOUT_RETURN_TYPE = YES_ERROR;
				GCC_WARN_UNDECLARED_SELECTOR = YES;
				GCC_WARN_UNINITIALIZED_AUTOS = YES_AGGRESSIVE;
				GCC_WARN_UNUSED_FUNCTION = YES;
				GCC_WARN_UNUSED_VARIABLE = YES;
				IPHONEOS_DEPLOYMENT_TARGET = 15.5;
				MTL_ENABLE_DEBUG_INFO = INCLUDE_SOURCE;
				MTL_FAST_MATH = YES;
				ONLY_ACTIVE_ARCH = YES;
				SDKROOT = iphoneos;
				SWIFT_ACTIVE_COMPILATION_CONDITIONS = DEBUG;
				SWIFT_OPTIMIZATION_LEVEL = "-Onone";
			};
			name = Debug;
		};
		028239502892C2C100B0BE63 /* Release */ = {
			isa = XCBuildConfiguration;
			buildSettings = {
				ALWAYS_SEARCH_USER_PATHS = NO;
				CLANG_ANALYZER_NONNULL = YES;
				CLANG_ANALYZER_NUMBER_OBJECT_CONVERSION = YES_AGGRESSIVE;
				CLANG_CXX_LANGUAGE_STANDARD = "gnu++17";
				CLANG_ENABLE_MODULES = YES;
				CLANG_ENABLE_OBJC_ARC = YES;
				CLANG_ENABLE_OBJC_WEAK = YES;
				CLANG_WARN_BLOCK_CAPTURE_AUTORELEASING = YES;
				CLANG_WARN_BOOL_CONVERSION = YES;
				CLANG_WARN_COMMA = YES;
				CLANG_WARN_CONSTANT_CONVERSION = YES;
				CLANG_WARN_DEPRECATED_OBJC_IMPLEMENTATIONS = YES;
				CLANG_WARN_DIRECT_OBJC_ISA_USAGE = YES_ERROR;
				CLANG_WARN_DOCUMENTATION_COMMENTS = YES;
				CLANG_WARN_EMPTY_BODY = YES;
				CLANG_WARN_ENUM_CONVERSION = YES;
				CLANG_WARN_INFINITE_RECURSION = YES;
				CLANG_WARN_INT_CONVERSION = YES;
				CLANG_WARN_NON_LITERAL_NULL_CONVERSION = YES;
				CLANG_WARN_OBJC_IMPLICIT_RETAIN_SELF = YES;
				CLANG_WARN_OBJC_LITERAL_CONVERSION = YES;
				CLANG_WARN_OBJC_ROOT_CLASS = YES_ERROR;
				CLANG_WARN_QUOTED_INCLUDE_IN_FRAMEWORK_HEADER = YES;
				CLANG_WARN_RANGE_LOOP_ANALYSIS = YES;
				CLANG_WARN_STRICT_PROTOTYPES = YES;
				CLANG_WARN_SUSPICIOUS_MOVE = YES;
				CLANG_WARN_UNGUARDED_AVAILABILITY = YES_AGGRESSIVE;
				CLANG_WARN_UNREACHABLE_CODE = YES;
				CLANG_WARN__DUPLICATE_METHOD_MATCH = YES;
				COPY_PHASE_STRIP = NO;
				DEBUG_INFORMATION_FORMAT = "dwarf-with-dsym";
				ENABLE_NS_ASSERTIONS = NO;
				ENABLE_STRICT_OBJC_MSGSEND = YES;
				GCC_C_LANGUAGE_STANDARD = gnu11;
				GCC_NO_COMMON_BLOCKS = YES;
				GCC_WARN_64_TO_32_BIT_CONVERSION = YES;
				GCC_WARN_ABOUT_RETURN_TYPE = YES_ERROR;
				GCC_WARN_UNDECLARED_SELECTOR = YES;
				GCC_WARN_UNINITIALIZED_AUTOS = YES_AGGRESSIVE;
				GCC_WARN_UNUSED_FUNCTION = YES;
				GCC_WARN_UNUSED_VARIABLE = YES;
				IPHONEOS_DEPLOYMENT_TARGET = 15.5;
				MTL_ENABLE_DEBUG_INFO = NO;
				MTL_FAST_MATH = YES;
				SDKROOT = iphoneos;
				SWIFT_COMPILATION_MODE = wholemodule;
				SWIFT_OPTIMIZATION_LEVEL = "-O";
				VALIDATE_PRODUCT = YES;
			};
			name = Release;
		};
		028239522892C2C100B0BE63 /* Debug */ = {
			isa = XCBuildConfiguration;
			buildSettings = {
				ASSETCATALOG_COMPILER_APPICON_NAME = AppIcon;
				ASSETCATALOG_COMPILER_GLOBAL_ACCENT_COLOR_NAME = AccentColor;
				CODE_SIGN_STYLE = Automatic;
				CURRENT_PROJECT_VERSION = 1;
				GENERATE_INFOPLIST_FILE = YES;
				INFOPLIST_FILE = Livingston_CoreData_2/Info.plist;
				INFOPLIST_KEY_UIApplicationSupportsIndirectInputEvents = YES;
				INFOPLIST_KEY_UILaunchStoryboardName = LaunchScreen;
				INFOPLIST_KEY_UISupportedInterfaceOrientations_iPad = "UIInterfaceOrientationPortrait UIInterfaceOrientationPortraitUpsideDown UIInterfaceOrientationLandscapeLeft UIInterfaceOrientationLandscapeRight";
				INFOPLIST_KEY_UISupportedInterfaceOrientations_iPhone = "UIInterfaceOrientationPortrait UIInterfaceOrientationLandscapeLeft UIInterfaceOrientationLandscapeRight";
				LD_RUNPATH_SEARCH_PATHS = (
					"$(inherited)",
					"@executable_path/Frameworks",
				);
				MARKETING_VERSION = 1.0;
				PRODUCT_BUNDLE_IDENTIFIER = "JenniferLivingston.Livingston-CoreData-2";
				PRODUCT_NAME = "$(TARGET_NAME)";
				SWIFT_EMIT_LOC_STRINGS = YES;
				SWIFT_VERSION = 5.0;
				TARGETED_DEVICE_FAMILY = "1,2";
			};
			name = Debug;
		};
		028239532892C2C100B0BE63 /* Release */ = {
			isa = XCBuildConfiguration;
			buildSettings = {
				ASSETCATALOG_COMPILER_APPICON_NAME = AppIcon;
				ASSETCATALOG_COMPILER_GLOBAL_ACCENT_COLOR_NAME = AccentColor;
				CODE_SIGN_STYLE = Automatic;
				CURRENT_PROJECT_VERSION = 1;
				GENERATE_INFOPLIST_FILE = YES;
				INFOPLIST_FILE = Livingston_CoreData_2/Info.plist;
				INFOPLIST_KEY_UIApplicationSupportsIndirectInputEvents = YES;
				INFOPLIST_KEY_UILaunchStoryboardName = LaunchScreen;
				INFOPLIST_KEY_UISupportedInterfaceOrientations_iPad = "UIInterfaceOrientationPortrait UIInterfaceOrientationPortraitUpsideDown UIInterfaceOrientationLandscapeLeft UIInterfaceOrientationLandscapeRight";
				INFOPLIST_KEY_UISupportedInterfaceOrientations_iPhone = "UIInterfaceOrientationPortrait UIInterfaceOrientationLandscapeLeft UIInterfaceOrientationLandscapeRight";
				LD_RUNPATH_SEARCH_PATHS = (
					"$(inherited)",
					"@executable_path/Frameworks",
				);
				MARKETING_VERSION = 1.0;
				PRODUCT_BUNDLE_IDENTIFIER = "JenniferLivingston.Livingston-CoreData-2";
				PRODUCT_NAME = "$(TARGET_NAME)";
				SWIFT_EMIT_LOC_STRINGS = YES;
				SWIFT_VERSION = 5.0;
				TARGETED_DEVICE_FAMILY = "1,2";
			};
			name = Release;
		};
/* End XCBuildConfiguration section */

/* Begin XCConfigurationList section */
		028239352892C2BF00B0BE63 /* Build configuration list for PBXProject "Livingston_CoreData_2" */ = {
			isa = XCConfigurationList;
			buildConfigurations = (
				0282394F2892C2C100B0BE63 /* Debug */,
				028239502892C2C100B0BE63 /* Release */,
			);
			defaultConfigurationIsVisible = 0;
			defaultConfigurationName = Release;
		};
		028239512892C2C100B0BE63 /* Build configuration list for PBXNativeTarget "Livingston_CoreData_2" */ = {
			isa = XCConfigurationList;
			buildConfigurations = (
				028239522892C2C100B0BE63 /* Debug */,
				028239532892C2C100B0BE63 /* Release */,
			);
			defaultConfigurationIsVisible = 0;
			defaultConfigurationName = Release;
		};
/* End XCConfigurationList section */

/* Begin XCVersionGroup section */
		028239462892C2C000B0BE63 /* Livingston_CoreData_2.xcdatamodeld */ = {
			isa = XCVersionGroup;
			children = (
				028239472892C2C000B0BE63 /* Livingston_CoreData_2.xcdatamodel */,
			);
			currentVersion = 028239472892C2C000B0BE63 /* Livingston_CoreData_2.xcdatamodel */;
			path = Livingston_CoreData_2.xcdatamodeld;
			sourceTree = "<group>";
			versionGroupType = wrapper.xcdatamodel;
		};
/* End XCVersionGroup section */
	};
	rootObject = 028239322892C2BF00B0BE63 /* Project object */;
}
