// !$*UTF8*$!
{
	archiveVersion = 1;
	classes = {
	};
	objectVersion = 55;
	objects = {

/* Begin PBXBuildFile section */
		0238155728877C43009C3D4F /* UIViewControllerExtension.swift in Sources */ = {isa = PBXBuildFile; fileRef = 0238155628877C43009C3D4F /* UIViewControllerExtension.swift */; };
		0238155928877CDA009C3D4F /* ImageCache.swift in Sources */ = {isa = PBXBuildFile; fileRef = 0238155828877CDA009C3D4F /* ImageCache.swift */; };
		02B2CEEC288503580051F045 /* AppDelegate.swift in Sources */ = {isa = PBXBuildFile; fileRef = 02B2CEEB288503580051F045 /* AppDelegate.swift */; };
		02B2CEEE288503580051F045 /* SceneDelegate.swift in Sources */ = {isa = PBXBuildFile; fileRef = 02B2CEED288503580051F045 /* SceneDelegate.swift */; };
		02B2CEF5288503590051F045 /* Assets.xcassets in Resources */ = {isa = PBXBuildFile; fileRef = 02B2CEF4288503590051F045 /* Assets.xcassets */; };
		02B2CEF8288503590051F045 /* LaunchScreen.storyboard in Resources */ = {isa = PBXBuildFile; fileRef = 02B2CEF6288503590051F045 /* LaunchScreen.storyboard */; };
		02B2CF05288503DB0051F045 /* NetworkManager.swift in Sources */ = {isa = PBXBuildFile; fileRef = 02B2CF04288503DB0051F045 /* NetworkManager.swift */; };
		02B2CF07288503ED0051F045 /* NetworkError.swift in Sources */ = {isa = PBXBuildFile; fileRef = 02B2CF06288503ED0051F045 /* NetworkError.swift */; };
		02B2CF0B288504190051F045 /* DetailController.swift in Sources */ = {isa = PBXBuildFile; fileRef = 02B2CF0A288504190051F045 /* DetailController.swift */; };
		02B2CF0D2885043F0051F045 /* PokemonTableViewCell.swift in Sources */ = {isa = PBXBuildFile; fileRef = 02B2CF0C2885043F0051F045 /* PokemonTableViewCell.swift */; };
		02B2CF0F288504590051F045 /* UIViewExtension.swift in Sources */ = {isa = PBXBuildFile; fileRef = 02B2CF0E288504590051F045 /* UIViewExtension.swift */; };
		02B2CF11288504670051F045 /* UIViewStackExtension.swift in Sources */ = {isa = PBXBuildFile; fileRef = 02B2CF10288504670051F045 /* UIViewStackExtension.swift */; };
		02B2CF13288504760051F045 /* Pokemon.swift in Sources */ = {isa = PBXBuildFile; fileRef = 02B2CF12288504760051F045 /* Pokemon.swift */; };
		02B2CF17288504A70051F045 /* NamedAPIResource.swift in Sources */ = {isa = PBXBuildFile; fileRef = 02B2CF16288504A70051F045 /* NamedAPIResource.swift */; };
		02B2CF19288505DF0051F045 /* ViewController.swift in Sources */ = {isa = PBXBuildFile; fileRef = 02B2CF18288505DF0051F045 /* ViewController.swift */; };
		02B2CF1B2885177C0051F045 /* PokeList.swift in Sources */ = {isa = PBXBuildFile; fileRef = 02B2CF1A2885177C0051F045 /* PokeList.swift */; };
		02B2CF1D288520A60051F045 /* ViewCell.swift in Sources */ = {isa = PBXBuildFile; fileRef = 02B2CF1C288520A60051F045 /* ViewCell.swift */; };
/* End PBXBuildFile section */

/* Begin PBXFileReference section */
		0238155628877C43009C3D4F /* UIViewControllerExtension.swift */ = {isa = PBXFileReference; lastKnownFileType = sourcecode.swift; path = UIViewControllerExtension.swift; sourceTree = "<group>"; };
		0238155828877CDA009C3D4F /* ImageCache.swift */ = {isa = PBXFileReference; lastKnownFileType = sourcecode.swift; path = ImageCache.swift; sourceTree = "<group>"; };
		02B2CEE8288503580051F045 /* LivingstonPokemonProject.app */ = {isa = PBXFileReference; explicitFileType = wrapper.application; includeInIndex = 0; path = LivingstonPokemonProject.app; sourceTree = BUILT_PRODUCTS_DIR; };
		02B2CEEB288503580051F045 /* AppDelegate.swift */ = {isa = PBXFileReference; lastKnownFileType = sourcecode.swift; path = AppDelegate.swift; sourceTree = "<group>"; };
		02B2CEED288503580051F045 /* SceneDelegate.swift */ = {isa = PBXFileReference; lastKnownFileType = sourcecode.swift; path = SceneDelegate.swift; sourceTree = "<group>"; };
		02B2CEF4288503590051F045 /* Assets.xcassets */ = {isa = PBXFileReference; lastKnownFileType = folder.assetcatalog; path = Assets.xcassets; sourceTree = "<group>"; };
		02B2CEF7288503590051F045 /* Base */ = {isa = PBXFileReference; lastKnownFileType = file.storyboard; name = Base; path = Base.lproj/LaunchScreen.storyboard; sourceTree = "<group>"; };
		02B2CEF9288503590051F045 /* Info.plist */ = {isa = PBXFileReference; lastKnownFileType = text.plist.xml; path = Info.plist; sourceTree = "<group>"; };
		02B2CF04288503DB0051F045 /* NetworkManager.swift */ = {isa = PBXFileReference; lastKnownFileType = sourcecode.swift; path = NetworkManager.swift; sourceTree = "<group>"; };
		02B2CF06288503ED0051F045 /* NetworkError.swift */ = {isa = PBXFileReference; lastKnownFileType = sourcecode.swift; path = NetworkError.swift; sourceTree = "<group>"; };
		02B2CF0A288504190051F045 /* DetailController.swift */ = {isa = PBXFileReference; lastKnownFileType = sourcecode.swift; path = DetailController.swift; sourceTree = "<group>"; };
		02B2CF0C2885043F0051F045 /* PokemonTableViewCell.swift */ = {isa = PBXFileReference; lastKnownFileType = sourcecode.swift; path = PokemonTableViewCell.swift; sourceTree = "<group>"; };
		02B2CF0E288504590051F045 /* UIViewExtension.swift */ = {isa = PBXFileReference; lastKnownFileType = sourcecode.swift; path = UIViewExtension.swift; sourceTree = "<group>"; };
		02B2CF10288504670051F045 /* UIViewStackExtension.swift */ = {isa = PBXFileReference; lastKnownFileType = sourcecode.swift; path = UIViewStackExtension.swift; sourceTree = "<group>"; };
		02B2CF12288504760051F045 /* Pokemon.swift */ = {isa = PBXFileReference; lastKnownFileType = sourcecode.swift; path = Pokemon.swift; sourceTree = "<group>"; };
		02B2CF16288504A70051F045 /* NamedAPIResource.swift */ = {isa = PBXFileReference; lastKnownFileType = sourcecode.swift; path = NamedAPIResource.swift; sourceTree = "<group>"; };
		02B2CF18288505DF0051F045 /* ViewController.swift */ = {isa = PBXFileReference; lastKnownFileType = sourcecode.swift; path = ViewController.swift; sourceTree = "<group>"; };
		02B2CF1A2885177C0051F045 /* PokeList.swift */ = {isa = PBXFileReference; lastKnownFileType = sourcecode.swift; path = PokeList.swift; sourceTree = "<group>"; };
		02B2CF1C288520A60051F045 /* ViewCell.swift */ = {isa = PBXFileReference; lastKnownFileType = sourcecode.swift; path = ViewCell.swift; sourceTree = "<group>"; };
/* End PBXFileReference section */

/* Begin PBXFrameworksBuildPhase section */
		02B2CEE5288503580051F045 /* Frameworks */ = {
			isa = PBXFrameworksBuildPhase;
			buildActionMask = 2147483647;
			files = (
			);
			runOnlyForDeploymentPostprocessing = 0;
		};
/* End PBXFrameworksBuildPhase section */

/* Begin PBXGroup section */
		02B2CEDF288503580051F045 = {
			isa = PBXGroup;
			children = (
				02B2CEEA288503580051F045 /* LivingstonPokemonProject */,
				02B2CEE9288503580051F045 /* Products */,
			);
			sourceTree = "<group>";
		};
		02B2CEE9288503580051F045 /* Products */ = {
			isa = PBXGroup;
			children = (
				02B2CEE8288503580051F045 /* LivingstonPokemonProject.app */,
			);
			name = Products;
			sourceTree = "<group>";
		};
		02B2CEEA288503580051F045 /* LivingstonPokemonProject */ = {
			isa = PBXGroup;
			children = (
				02B2CF01288503770051F045 /* Service */,
				02B2CF00288503720051F045 /* Cells */,
				02B2CEFF288503690051F045 /* Controller */,
				02B2CF03288503B50051F045 /* Extension */,
				02B2CF02288503930051F045 /* Model */,
				02B2CEEB288503580051F045 /* AppDelegate.swift */,
				02B2CEED288503580051F045 /* SceneDelegate.swift */,
				02B2CEF4288503590051F045 /* Assets.xcassets */,
				02B2CEF6288503590051F045 /* LaunchScreen.storyboard */,
				02B2CEF9288503590051F045 /* Info.plist */,
			);
			path = LivingstonPokemonProject;
			sourceTree = "<group>";
		};
		02B2CEFF288503690051F045 /* Controller */ = {
			isa = PBXGroup;
			children = (
				02B2CF18288505DF0051F045 /* ViewController.swift */,
				02B2CF0A288504190051F045 /* DetailController.swift */,
			);
			path = Controller;
			sourceTree = "<group>";
		};
		02B2CF00288503720051F045 /* Cells */ = {
			isa = PBXGroup;
			children = (
				02B2CF0C2885043F0051F045 /* PokemonTableViewCell.swift */,
				02B2CF1C288520A60051F045 /* ViewCell.swift */,
			);
			path = Cells;
			sourceTree = "<group>";
		};
		02B2CF01288503770051F045 /* Service */ = {
			isa = PBXGroup;
			children = (
				02B2CF04288503DB0051F045 /* NetworkManager.swift */,
				02B2CF06288503ED0051F045 /* NetworkError.swift */,
				0238155828877CDA009C3D4F /* ImageCache.swift */,
			);
			path = Service;
			sourceTree = "<group>";
		};
		02B2CF02288503930051F045 /* Model */ = {
			isa = PBXGroup;
			children = (
				02B2CF12288504760051F045 /* Pokemon.swift */,
				02B2CF1A2885177C0051F045 /* PokeList.swift */,
				02B2CF16288504A70051F045 /* NamedAPIResource.swift */,
			);
			name = Model;
			path = Cells;
			sourceTree = "<group>";
		};
		02B2CF03288503B50051F045 /* Extension */ = {
			isa = PBXGroup;
			children = (
				02B2CF0E288504590051F045 /* UIViewExtension.swift */,
				02B2CF10288504670051F045 /* UIViewStackExtension.swift */,
				0238155628877C43009C3D4F /* UIViewControllerExtension.swift */,
			);
			name = Extension;
			path = Cells;
			sourceTree = "<group>";
		};
/* End PBXGroup section */

/* Begin PBXNativeTarget section */
		02B2CEE7288503580051F045 /* LivingstonPokemonProject */ = {
			isa = PBXNativeTarget;
			buildConfigurationList = 02B2CEFC288503590051F045 /* Build configuration list for PBXNativeTarget "LivingstonPokemonProject" */;
			buildPhases = (
				02B2CEE4288503580051F045 /* Sources */,
				02B2CEE5288503580051F045 /* Frameworks */,
				02B2CEE6288503580051F045 /* Resources */,
			);
			buildRules = (
			);
			dependencies = (
			);
			name = LivingstonPokemonProject;
			productName = LivingstonPokemonProject;
			productReference = 02B2CEE8288503580051F045 /* LivingstonPokemonProject.app */;
			productType = "com.apple.product-type.application";
		};
/* End PBXNativeTarget section */

/* Begin PBXProject section */
		02B2CEE0288503580051F045 /* Project object */ = {
			isa = PBXProject;
			attributes = {
				BuildIndependentTargetsInParallel = 1;
				LastSwiftUpdateCheck = 1340;
				LastUpgradeCheck = 1340;
				TargetAttributes = {
					02B2CEE7288503580051F045 = {
						CreatedOnToolsVersion = 13.4.1;
					};
				};
			};
			buildConfigurationList = 02B2CEE3288503580051F045 /* Build configuration list for PBXProject "LivingstonPokemonProject" */;
			compatibilityVersion = "Xcode 13.0";
			developmentRegion = en;
			hasScannedForEncodings = 0;
			knownRegions = (
				en,
				Base,
			);
			mainGroup = 02B2CEDF288503580051F045;
			productRefGroup = 02B2CEE9288503580051F045 /* Products */;
			projectDirPath = "";
			projectRoot = "";
			targets = (
				02B2CEE7288503580051F045 /* LivingstonPokemonProject */,
			);
		};
/* End PBXProject section */

/* Begin PBXResourcesBuildPhase section */
		02B2CEE6288503580051F045 /* Resources */ = {
			isa = PBXResourcesBuildPhase;
			buildActionMask = 2147483647;
			files = (
				02B2CEF8288503590051F045 /* LaunchScreen.storyboard in Resources */,
				02B2CEF5288503590051F045 /* Assets.xcassets in Resources */,
			);
			runOnlyForDeploymentPostprocessing = 0;
		};
/* End PBXResourcesBuildPhase section */

/* Begin PBXSourcesBuildPhase section */
		02B2CEE4288503580051F045 /* Sources */ = {
			isa = PBXSourcesBuildPhase;
			buildActionMask = 2147483647;
			files = (
				02B2CF17288504A70051F045 /* NamedAPIResource.swift in Sources */,
				02B2CF0D2885043F0051F045 /* PokemonTableViewCell.swift in Sources */,
				0238155928877CDA009C3D4F /* ImageCache.swift in Sources */,
				0238155728877C43009C3D4F /* UIViewControllerExtension.swift in Sources */,
				02B2CF1B2885177C0051F045 /* PokeList.swift in Sources */,
				02B2CF1D288520A60051F045 /* ViewCell.swift in Sources */,
				02B2CF0B288504190051F045 /* DetailController.swift in Sources */,
				02B2CF05288503DB0051F045 /* NetworkManager.swift in Sources */,
				02B2CEEC288503580051F045 /* AppDelegate.swift in Sources */,
				02B2CF19288505DF0051F045 /* ViewController.swift in Sources */,
				02B2CF13288504760051F045 /* Pokemon.swift in Sources */,
				02B2CF0F288504590051F045 /* UIViewExtension.swift in Sources */,
				02B2CEEE288503580051F045 /* SceneDelegate.swift in Sources */,
				02B2CF07288503ED0051F045 /* NetworkError.swift in Sources */,
				02B2CF11288504670051F045 /* UIViewStackExtension.swift in Sources */,
			);
			runOnlyForDeploymentPostprocessing = 0;
		};
/* End PBXSourcesBuildPhase section */

/* Begin PBXVariantGroup section */
		02B2CEF6288503590051F045 /* LaunchScreen.storyboard */ = {
			isa = PBXVariantGroup;
			children = (
				02B2CEF7288503590051F045 /* Base */,
			);
			name = LaunchScreen.storyboard;
			sourceTree = "<group>";
		};
/* End PBXVariantGroup section */

/* Begin XCBuildConfiguration section */
		02B2CEFA288503590051F045 /* Debug */ = {
			isa = XCBuildConfiguration;
			buildSettings = {
				ALWAYS_SEARCH_USER_PATHS = NO;
				CLANG_ANALYZER_NONNULL = YES;
				CLANG_ANALYZER_NUMBER_OBJECT_CONVERSION = YES_AGGRESSIVE;
				CLANG_CXX_LANGUAGE_STANDARD = "gnu++17";
				CLANG_ENABLE_MODULES = YES;
				CLANG_ENABLE_OBJC_ARC = YES;
				CLANG_ENABLE_OBJC_WEAK = YES;
				CLANG_WARN_BLOCK_CAPTURE_AUTORELEASING = YES;
				CLANG_WARN_BOOL_CONVERSION = YES;
				CLANG_WARN_COMMA = YES;
				CLANG_WARN_CONSTANT_CONVERSION = YES;
				CLANG_WARN_DEPRECATED_OBJC_IMPLEMENTATIONS = YES;
				CLANG_WARN_DIRECT_OBJC_ISA_USAGE = YES_ERROR;
				CLANG_WARN_DOCUMENTATION_COMMENTS = YES;
				CLANG_WARN_EMPTY_BODY = YES;
				CLANG_WARN_ENUM_CONVERSION = YES;
				CLANG_WARN_INFINITE_RECURSION = YES;
				CLANG_WARN_INT_CONVERSION = YES;
				CLANG_WARN_NON_LITERAL_NULL_CONVERSION = YES;
				CLANG_WARN_OBJC_IMPLICIT_RETAIN_SELF = YES;
				CLANG_WARN_OBJC_LITERAL_CONVERSION = YES;
				CLANG_WARN_OBJC_ROOT_CLASS = YES_ERROR;
				CLANG_WARN_QUOTED_INCLUDE_IN_FRAMEWORK_HEADER = YES;
				CLANG_WARN_RANGE_LOOP_ANALYSIS = YES;
				CLANG_WARN_STRICT_PROTOTYPES = YES;
				CLANG_WARN_SUSPICIOUS_MOVE = YES;
				CLANG_WARN_UNGUARDED_AVAILABILITY = YES_AGGRESSIVE;
				CLANG_WARN_UNREACHABLE_CODE = YES;
				CLANG_WARN__DUPLICATE_METHOD_MATCH = YES;
				COPY_PHASE_STRIP = NO;
				DEBUG_INFORMATION_FORMAT = dwarf;
				ENABLE_STRICT_OBJC_MSGSEND = YES;
				ENABLE_TESTABILITY = YES;
				GCC_C_LANGUAGE_STANDARD = gnu11;
				GCC_DYNAMIC_NO_PIC = NO;
				GCC_NO_COMMON_BLOCKS = YES;
				GCC_OPTIMIZATION_LEVEL = 0;
				GCC_PREPROCESSOR_DEFINITIONS = (
					"DEBUG=1",
					"$(inherited)",
				);
				GCC_WARN_64_TO_32_BIT_CONVERSION = YES;
				GCC_WARN_ABOUT_RETURN_TYPE = YES_ERROR;
				GCC_WARN_UNDECLARED_SELECTOR = YES;
				GCC_WARN_UNINITIALIZED_AUTOS = YES_AGGRESSIVE;
				GCC_WARN_UNUSED_FUNCTION = YES;
				GCC_WARN_UNUSED_VARIABLE = YES;
				IPHONEOS_DEPLOYMENT_TARGET = 15.5;
				MTL_ENABLE_DEBUG_INFO = INCLUDE_SOURCE;
				MTL_FAST_MATH = YES;
				ONLY_ACTIVE_ARCH = YES;
				SDKROOT = iphoneos;
				SWIFT_ACTIVE_COMPILATION_CONDITIONS = DEBUG;
				SWIFT_OPTIMIZATION_LEVEL = "-Onone";
			};
			name = Debug;
		};
		02B2CEFB288503590051F045 /* Release */ = {
			isa = XCBuildConfiguration;
			buildSettings = {
				ALWAYS_SEARCH_USER_PATHS = NO;
				CLANG_ANALYZER_NONNULL = YES;
				CLANG_ANALYZER_NUMBER_OBJECT_CONVERSION = YES_AGGRESSIVE;
				CLANG_CXX_LANGUAGE_STANDARD = "gnu++17";
				CLANG_ENABLE_MODULES = YES;
				CLANG_ENABLE_OBJC_ARC = YES;
				CLANG_ENABLE_OBJC_WEAK = YES;
				CLANG_WARN_BLOCK_CAPTURE_AUTORELEASING = YES;
				CLANG_WARN_BOOL_CONVERSION = YES;
				CLANG_WARN_COMMA = YES;
				CLANG_WARN_CONSTANT_CONVERSION = YES;
				CLANG_WARN_DEPRECATED_OBJC_IMPLEMENTATIONS = YES;
				CLANG_WARN_DIRECT_OBJC_ISA_USAGE = YES_ERROR;
				CLANG_WARN_DOCUMENTATION_COMMENTS = YES;
				CLANG_WARN_EMPTY_BODY = YES;
				CLANG_WARN_ENUM_CONVERSION = YES;
				CLANG_WARN_INFINITE_RECURSION = YES;
				CLANG_WARN_INT_CONVERSION = YES;
				CLANG_WARN_NON_LITERAL_NULL_CONVERSION = YES;
				CLANG_WARN_OBJC_IMPLICIT_RETAIN_SELF = YES;
				CLANG_WARN_OBJC_LITERAL_CONVERSION = YES;
				CLANG_WARN_OBJC_ROOT_CLASS = YES_ERROR;
				CLANG_WARN_QUOTED_INCLUDE_IN_FRAMEWORK_HEADER = YES;
				CLANG_WARN_RANGE_LOOP_ANALYSIS = YES;
				CLANG_WARN_STRICT_PROTOTYPES = YES;
				CLANG_WARN_SUSPICIOUS_MOVE = YES;
				CLANG_WARN_UNGUARDED_AVAILABILITY = YES_AGGRESSIVE;
				CLANG_WARN_UNREACHABLE_CODE = YES;
				CLANG_WARN__DUPLICATE_METHOD_MATCH = YES;
				COPY_PHASE_STRIP = NO;
				DEBUG_INFORMATION_FORMAT = "dwarf-with-dsym";
				ENABLE_NS_ASSERTIONS = NO;
				ENABLE_STRICT_OBJC_MSGSEND = YES;
				GCC_C_LANGUAGE_STANDARD = gnu11;
				GCC_NO_COMMON_BLOCKS = YES;
				GCC_WARN_64_TO_32_BIT_CONVERSION = YES;
				GCC_WARN_ABOUT_RETURN_TYPE = YES_ERROR;
				GCC_WARN_UNDECLARED_SELECTOR = YES;
				GCC_WARN_UNINITIALIZED_AUTOS = YES_AGGRESSIVE;
				GCC_WARN_UNUSED_FUNCTION = YES;
				GCC_WARN_UNUSED_VARIABLE = YES;
				IPHONEOS_DEPLOYMENT_TARGET = 15.5;
				MTL_ENABLE_DEBUG_INFO = NO;
				MTL_FAST_MATH = YES;
				SDKROOT = iphoneos;
				SWIFT_COMPILATION_MODE = wholemodule;
				SWIFT_OPTIMIZATION_LEVEL = "-O";
				VALIDATE_PRODUCT = YES;
			};
			name = Release;
		};
		02B2CEFD288503590051F045 /* Debug */ = {
			isa = XCBuildConfiguration;
			buildSettings = {
				ASSETCATALOG_COMPILER_APPICON_NAME = AppIcon;
				ASSETCATALOG_COMPILER_GLOBAL_ACCENT_COLOR_NAME = AccentColor;
				CODE_SIGN_STYLE = Automatic;
				CURRENT_PROJECT_VERSION = 1;
				GENERATE_INFOPLIST_FILE = YES;
				INFOPLIST_FILE = LivingstonPokemonProject/Info.plist;
				INFOPLIST_KEY_UIApplicationSupportsIndirectInputEvents = YES;
				INFOPLIST_KEY_UILaunchStoryboardName = LaunchScreen;
				INFOPLIST_KEY_UISupportedInterfaceOrientations_iPad = "UIInterfaceOrientationPortrait UIInterfaceOrientationPortraitUpsideDown UIInterfaceOrientationLandscapeLeft UIInterfaceOrientationLandscapeRight";
				INFOPLIST_KEY_UISupportedInterfaceOrientations_iPhone = "UIInterfaceOrientationPortrait UIInterfaceOrientationLandscapeLeft UIInterfaceOrientationLandscapeRight";
				LD_RUNPATH_SEARCH_PATHS = (
					"$(inherited)",
					"@executable_path/Frameworks",
				);
				MARKETING_VERSION = 1.0;
				PRODUCT_BUNDLE_IDENTIFIER = JenniferLivingston.LivingstonPokemonProject;
				PRODUCT_NAME = "$(TARGET_NAME)";
				SWIFT_EMIT_LOC_STRINGS = YES;
				SWIFT_VERSION = 5.0;
				TARGETED_DEVICE_FAMILY = "1,2";
			};
			name = Debug;
		};
		02B2CEFE288503590051F045 /* Release */ = {
			isa = XCBuildConfiguration;
			buildSettings = {
				ASSETCATALOG_COMPILER_APPICON_NAME = AppIcon;
				ASSETCATALOG_COMPILER_GLOBAL_ACCENT_COLOR_NAME = AccentColor;
				CODE_SIGN_STYLE = Automatic;
				CURRENT_PROJECT_VERSION = 1;
				GENERATE_INFOPLIST_FILE = YES;
				INFOPLIST_FILE = LivingstonPokemonProject/Info.plist;
				INFOPLIST_KEY_UIApplicationSupportsIndirectInputEvents = YES;
				INFOPLIST_KEY_UILaunchStoryboardName = LaunchScreen;
				INFOPLIST_KEY_UISupportedInterfaceOrientations_iPad = "UIInterfaceOrientationPortrait UIInterfaceOrientationPortraitUpsideDown UIInterfaceOrientationLandscapeLeft UIInterfaceOrientationLandscapeRight";
				INFOPLIST_KEY_UISupportedInterfaceOrientations_iPhone = "UIInterfaceOrientationPortrait UIInterfaceOrientationLandscapeLeft UIInterfaceOrientationLandscapeRight";
				LD_RUNPATH_SEARCH_PATHS = (
					"$(inherited)",
					"@executable_path/Frameworks",
				);
				MARKETING_VERSION = 1.0;
				PRODUCT_BUNDLE_IDENTIFIER = JenniferLivingston.LivingstonPokemonProject;
				PRODUCT_NAME = "$(TARGET_NAME)";
				SWIFT_EMIT_LOC_STRINGS = YES;
				SWIFT_VERSION = 5.0;
				TARGETED_DEVICE_FAMILY = "1,2";
			};
			name = Release;
		};
/* End XCBuildConfiguration section */

/* Begin XCConfigurationList section */
		02B2CEE3288503580051F045 /* Build configuration list for PBXProject "LivingstonPokemonProject" */ = {
			isa = XCConfigurationList;
			buildConfigurations = (
				02B2CEFA288503590051F045 /* Debug */,
				02B2CEFB288503590051F045 /* Release */,
			);
			defaultConfigurationIsVisible = 0;
			defaultConfigurationName = Release;
		};
		02B2CEFC288503590051F045 /* Build configuration list for PBXNativeTarget "LivingstonPokemonProject" */ = {
			isa = XCConfigurationList;
			buildConfigurations = (
				02B2CEFD288503590051F045 /* Debug */,
				02B2CEFE288503590051F045 /* Release */,
			);
			defaultConfigurationIsVisible = 0;
			defaultConfigurationName = Release;
		};
/* End XCConfigurationList section */
	};
	rootObject = 02B2CEE0288503580051F045 /* Project object */;
}
